
Microsoft Visual Studio Solution File, Format Version 12.00
# Visual Studio Version 16
VisualStudioVersion = 16.0.31205.134
MinimumVisualStudioVersion = 10.0.40219.1
Project("{FAE04EC0-301F-11D3-BF4B-00C04F79EFBC}") = "northwindq", "northwindq\northwindq.csproj", "{DB713A6A-0EEA-467E-AF47-6CAF93EACE48}"
EndProject
Global
	GlobalSection(SolutionConfigurationPlatforms) = preSolution
		Debug|Any CPU = Debug|Any CPU
		Release|Any CPU = Release|Any CPU
	EndGlobalSection
	GlobalSection(ProjectConfigurationPlatforms) = postSolution
		{DB713A6A-0EEA-467E-AF47-6CAF93EACE48}.Debug|Any CPU.ActiveCfg = Debug|Any CPU
		{DB713A6A-0EEA-467E-AF47-6CAF93EACE48}.Debug|Any CPU.Build.0 = Debug|Any CPU
		{DB713A6A-0EEA-467E-AF47-6CAF93EACE48}.Release|Any CPU.ActiveCfg = Release|Any CPU
		{DB713A6A-0EEA-467E-AF47-6CAF93EACE48}.Release|Any CPU.Build.0 = Release|Any CPU
	EndGlobalSection
	GlobalSection(SolutionProperties) = preSolution
		HideSolutionNode = FALSE
	EndGlobalSection
	GlobalSection(ExtensibilityGlobals) = postSolution
		SolutionGuid = {51507DFF-9098-43B2-B00B-6C422289610D}
	EndGlobalSection
EndGlobal
